// !$*UTF8*$!
{
	archiveVersion = 1;
	classes = {
	};
	objectVersion = 56;
	objects = {

/* Begin PBXBuildFile section */
		7FC40D832CF71C2400535955 /* AppDelegate.swift in Sources */ = {isa = PBXBuildFile; fileRef = 7FC40D822CF71C2400535955 /* AppDelegate.swift */; };
		7FC40D852CF71C2400535955 /* SceneDelegate.swift in Sources */ = {isa = PBXBuildFile; fileRef = 7FC40D842CF71C2400535955 /* SceneDelegate.swift */; };
		7FC40D872CF71C2400535955 /* ViewController.swift in Sources */ = {isa = PBXBuildFile; fileRef = 7FC40D862CF71C2400535955 /* ViewController.swift */; };
		7FC40D8A2CF71C2400535955 /* Main.storyboard in Resources */ = {isa = PBXBuildFile; fileRef = 7FC40D882CF71C2400535955 /* Main.storyboard */; };
		7FC40D8C2CF71C2600535955 /* Assets.xcassets in Resources */ = {isa = PBXBuildFile; fileRef = 7FC40D8B2CF71C2600535955 /* Assets.xcassets */; };
		7FC40D8F2CF71C2600535955 /* LaunchScreen.storyboard in Resources */ = {isa = PBXBuildFile; fileRef = 7FC40D8D2CF71C2600535955 /* LaunchScreen.storyboard */; };
		7FC40D9A2CF71C2700535955 /* RoomManagerTests.swift in Sources */ = {isa = PBXBuildFile; fileRef = 7FC40D992CF71C2700535955 /* RoomManagerTests.swift */; };
		7FC40DA42CF71C2700535955 /* RoomManagerUITests.swift in Sources */ = {isa = PBXBuildFile; fileRef = 7FC40DA32CF71C2700535955 /* RoomManagerUITests.swift */; };
		7FC40DA62CF71C2700535955 /* RoomManagerUITestsLaunchTests.swift in Sources */ = {isa = PBXBuildFile; fileRef = 7FC40DA52CF71C2700535955 /* RoomManagerUITestsLaunchTests.swift */; };
		7FC40DB32CF71C4800535955 /* RoomClass.swift in Sources */ = {isa = PBXBuildFile; fileRef = 7FC40DB22CF71C4800535955 /* RoomClass.swift */; };
		FAA5E7EA2CF73A2A00157015 /* RoomCellController.swift in Sources */ = {isa = PBXBuildFile; fileRef = FAA5E7E92CF73A2000157015 /* RoomCellController.swift */; };
		FAF621592CF86316000E8189 /* RoomCellController.xib in Resources */ = {isa = PBXBuildFile; fileRef = FAF621582CF86316000E8189 /* RoomCellController.xib */; };
/* End PBXBuildFile section */

/* Begin PBXContainerItemProxy section */
		7FC40D962CF71C2700535955 /* PBXContainerItemProxy */ = {
			isa = PBXContainerItemProxy;
			containerPortal = 7FC40D772CF71C2400535955 /* Project object */;
			proxyType = 1;
			remoteGlobalIDString = 7FC40D7E2CF71C2400535955;
			remoteInfo = RoomManager;
		};
		7FC40DA02CF71C2700535955 /* PBXContainerItemProxy */ = {
			isa = PBXContainerItemProxy;
			containerPortal = 7FC40D772CF71C2400535955 /* Project object */;
			proxyType = 1;
			remoteGlobalIDString = 7FC40D7E2CF71C2400535955;
			remoteInfo = RoomManager;
		};
/* End PBXContainerItemProxy section */

/* Begin PBXFileReference section */
		7FC40D7F2CF71C2400535955 /* RoomManager.app */ = {isa = PBXFileReference; explicitFileType = wrapper.application; includeInIndex = 0; path = RoomManager.app; sourceTree = BUILT_PRODUCTS_DIR; };
		7FC40D822CF71C2400535955 /* AppDelegate.swift */ = {isa = PBXFileReference; lastKnownFileType = sourcecode.swift; path = AppDelegate.swift; sourceTree = "<group>"; };
		7FC40D842CF71C2400535955 /* SceneDelegate.swift */ = {isa = PBXFileReference; lastKnownFileType = sourcecode.swift; path = SceneDelegate.swift; sourceTree = "<group>"; };
		7FC40D862CF71C2400535955 /* ViewController.swift */ = {isa = PBXFileReference; lastKnownFileType = sourcecode.swift; path = ViewController.swift; sourceTree = "<group>"; };
		7FC40D892CF71C2400535955 /* Base */ = {isa = PBXFileReference; lastKnownFileType = file.storyboard; name = Base; path = Base.lproj/Main.storyboard; sourceTree = "<group>"; };
		7FC40D8B2CF71C2600535955 /* Assets.xcassets */ = {isa = PBXFileReference; lastKnownFileType = folder.assetcatalog; path = Assets.xcassets; sourceTree = "<group>"; };
		7FC40D8E2CF71C2600535955 /* Base */ = {isa = PBXFileReference; lastKnownFileType = file.storyboard; name = Base; path = Base.lproj/LaunchScreen.storyboard; sourceTree = "<group>"; };
		7FC40D902CF71C2600535955 /* Info.plist */ = {isa = PBXFileReference; lastKnownFileType = text.plist.xml; path = Info.plist; sourceTree = "<group>"; };
		7FC40D952CF71C2700535955 /* RoomManagerTests.xctest */ = {isa = PBXFileReference; explicitFileType = wrapper.cfbundle; includeInIndex = 0; path = RoomManagerTests.xctest; sourceTree = BUILT_PRODUCTS_DIR; };
		7FC40D992CF71C2700535955 /* RoomManagerTests.swift */ = {isa = PBXFileReference; lastKnownFileType = sourcecode.swift; path = RoomManagerTests.swift; sourceTree = "<group>"; };
		7FC40D9F2CF71C2700535955 /* RoomManagerUITests.xctest */ = {isa = PBXFileReference; explicitFileType = wrapper.cfbundle; includeInIndex = 0; path = RoomManagerUITests.xctest; sourceTree = BUILT_PRODUCTS_DIR; };
		7FC40DA32CF71C2700535955 /* RoomManagerUITests.swift */ = {isa = PBXFileReference; lastKnownFileType = sourcecode.swift; path = RoomManagerUITests.swift; sourceTree = "<group>"; };
		7FC40DA52CF71C2700535955 /* RoomManagerUITestsLaunchTests.swift */ = {isa = PBXFileReference; lastKnownFileType = sourcecode.swift; path = RoomManagerUITestsLaunchTests.swift; sourceTree = "<group>"; };
		7FC40DB22CF71C4800535955 /* RoomClass.swift */ = {isa = PBXFileReference; lastKnownFileType = sourcecode.swift; path = RoomClass.swift; sourceTree = "<group>"; };
		FAA5E7E92CF73A2000157015 /* RoomCellController.swift */ = {isa = PBXFileReference; lastKnownFileType = sourcecode.swift; path = RoomCellController.swift; sourceTree = "<group>"; };
		FAF621582CF86316000E8189 /* RoomCellController.xib */ = {isa = PBXFileReference; lastKnownFileType = file.xib; path = RoomCellController.xib; sourceTree = "<group>"; };
/* End PBXFileReference section */

/* Begin PBXFrameworksBuildPhase section */
		7FC40D7C2CF71C2400535955 /* Frameworks */ = {
			isa = PBXFrameworksBuildPhase;
			buildActionMask = 2147483647;
			files = (
			);
			runOnlyForDeploymentPostprocessing = 0;
		};
		7FC40D922CF71C2700535955 /* Frameworks */ = {
			isa = PBXFrameworksBuildPhase;
			buildActionMask = 2147483647;
			files = (
			);
			runOnlyForDeploymentPostprocessing = 0;
		};
		7FC40D9C2CF71C2700535955 /* Frameworks */ = {
			isa = PBXFrameworksBuildPhase;
			buildActionMask = 2147483647;
			files = (
			);
			runOnlyForDeploymentPostprocessing = 0;
		};
/* End PBXFrameworksBuildPhase section */

/* Begin PBXGroup section */
		7FC40D762CF71C2400535955 = {
			isa = PBXGroup;
			children = (
				7FC40D812CF71C2400535955 /* RoomManager */,
				7FC40D982CF71C2700535955 /* RoomManagerTests */,
				7FC40DA22CF71C2700535955 /* RoomManagerUITests */,
				7FC40D802CF71C2400535955 /* Products */,
			);
			sourceTree = "<group>";
		};
		7FC40D802CF71C2400535955 /* Products */ = {
			isa = PBXGroup;
			children = (
				7FC40D7F2CF71C2400535955 /* RoomManager.app */,
				7FC40D952CF71C2700535955 /* RoomManagerTests.xctest */,
				7FC40D9F2CF71C2700535955 /* RoomManagerUITests.xctest */,
			);
			name = Products;
			sourceTree = "<group>";
		};
		7FC40D812CF71C2400535955 /* RoomManager */ = {
			isa = PBXGroup;
			children = (
				7FC40D822CF71C2400535955 /* AppDelegate.swift */,
				7FC40D842CF71C2400535955 /* SceneDelegate.swift */,
				7FC40D862CF71C2400535955 /* ViewController.swift */,
				7FC40D882CF71C2400535955 /* Main.storyboard */,
				7FC40D8B2CF71C2600535955 /* Assets.xcassets */,
				7FC40D8D2CF71C2600535955 /* LaunchScreen.storyboard */,
				7FC40D902CF71C2600535955 /* Info.plist */,
				7FC40DB22CF71C4800535955 /* RoomClass.swift */,
				FAA5E7E92CF73A2000157015 /* RoomCellController.swift */,
				FAF621582CF86316000E8189 /* RoomCellController.xib */,
			);
			path = RoomManager;
			sourceTree = "<group>";
		};
		7FC40D982CF71C2700535955 /* RoomManagerTests */ = {
			isa = PBXGroup;
			children = (
				7FC40D992CF71C2700535955 /* RoomManagerTests.swift */,
			);
			path = RoomManagerTests;
			sourceTree = "<group>";
		};
		7FC40DA22CF71C2700535955 /* RoomManagerUITests */ = {
			isa = PBXGroup;
			children = (
				7FC40DA32CF71C2700535955 /* RoomManagerUITests.swift */,
				7FC40DA52CF71C2700535955 /* RoomManagerUITestsLaunchTests.swift */,
			);
			path = RoomManagerUITests;
			sourceTree = "<group>";
		};
/* End PBXGroup section */

/* Begin PBXNativeTarget section */
		7FC40D7E2CF71C2400535955 /* RoomManager */ = {
			isa = PBXNativeTarget;
			buildConfigurationList = 7FC40DA92CF71C2700535955 /* Build configuration list for PBXNativeTarget "RoomManager" */;
			buildPhases = (
				7FC40D7B2CF71C2400535955 /* Sources */,
				7FC40D7C2CF71C2400535955 /* Frameworks */,
				7FC40D7D2CF71C2400535955 /* Resources */,
			);
			buildRules = (
			);
			dependencies = (
			);
			name = RoomManager;
			productName = RoomManager;
			productReference = 7FC40D7F2CF71C2400535955 /* RoomManager.app */;
			productType = "com.apple.product-type.application";
		};
		7FC40D942CF71C2700535955 /* RoomManagerTests */ = {
			isa = PBXNativeTarget;
			buildConfigurationList = 7FC40DAC2CF71C2700535955 /* Build configuration list for PBXNativeTarget "RoomManagerTests" */;
			buildPhases = (
				7FC40D912CF71C2700535955 /* Sources */,
				7FC40D922CF71C2700535955 /* Frameworks */,
				7FC40D932CF71C2700535955 /* Resources */,
			);
			buildRules = (
			);
			dependencies = (
				7FC40D972CF71C2700535955 /* PBXTargetDependency */,
			);
			name = RoomManagerTests;
			productName = RoomManagerTests;
			productReference = 7FC40D952CF71C2700535955 /* RoomManagerTests.xctest */;
			productType = "com.apple.product-type.bundle.unit-test";
		};
		7FC40D9E2CF71C2700535955 /* RoomManagerUITests */ = {
			isa = PBXNativeTarget;
			buildConfigurationList = 7FC40DAF2CF71C2700535955 /* Build configuration list for PBXNativeTarget "RoomManagerUITests" */;
			buildPhases = (
				7FC40D9B2CF71C2700535955 /* Sources */,
				7FC40D9C2CF71C2700535955 /* Frameworks */,
				7FC40D9D2CF71C2700535955 /* Resources */,
			);
			buildRules = (
			);
			dependencies = (
				7FC40DA12CF71C2700535955 /* PBXTargetDependency */,
			);
			name = RoomManagerUITests;
			productName = RoomManagerUITests;
			productReference = 7FC40D9F2CF71C2700535955 /* RoomManagerUITests.xctest */;
			productType = "com.apple.product-type.bundle.ui-testing";
		};
/* End PBXNativeTarget section */

/* Begin PBXProject section */
		7FC40D772CF71C2400535955 /* Project object */ = {
			isa = PBXProject;
			attributes = {
				BuildIndependentTargetsInParallel = 1;
				LastSwiftUpdateCheck = 1520;
				LastUpgradeCheck = 1520;
				TargetAttributes = {
					7FC40D7E2CF71C2400535955 = {
						CreatedOnToolsVersion = 15.2;
					};
					7FC40D942CF71C2700535955 = {
						CreatedOnToolsVersion = 15.2;
						TestTargetID = 7FC40D7E2CF71C2400535955;
					};
					7FC40D9E2CF71C2700535955 = {
						CreatedOnToolsVersion = 15.2;
						TestTargetID = 7FC40D7E2CF71C2400535955;
					};
				};
			};
			buildConfigurationList = 7FC40D7A2CF71C2400535955 /* Build configuration list for PBXProject "RoomManager" */;
			compatibilityVersion = "Xcode 14.0";
			developmentRegion = en;
			hasScannedForEncodings = 0;
			knownRegions = (
				en,
				Base,
			);
			mainGroup = 7FC40D762CF71C2400535955;
			productRefGroup = 7FC40D802CF71C2400535955 /* Products */;
			projectDirPath = "";
			projectRoot = "";
			targets = (
				7FC40D7E2CF71C2400535955 /* RoomManager */,
				7FC40D942CF71C2700535955 /* RoomManagerTests */,
				7FC40D9E2CF71C2700535955 /* RoomManagerUITests */,
			);
		};
/* End PBXProject section */

/* Begin PBXResourcesBuildPhase section */
		7FC40D7D2CF71C2400535955 /* Resources */ = {
			isa = PBXResourcesBuildPhase;
			buildActionMask = 2147483647;
			files = (
				FAF621592CF86316000E8189 /* RoomCellController.xib in Resources */,
				7FC40D8F2CF71C2600535955 /* LaunchScreen.storyboard in Resources */,
				7FC40D8C2CF71C2600535955 /* Assets.xcassets in Resources */,
				7FC40D8A2CF71C2400535955 /* Main.storyboard in Resources */,
			);
			runOnlyForDeploymentPostprocessing = 0;
		};
		7FC40D932CF71C2700535955 /* Resources */ = {
			isa = PBXResourcesBuildPhase;
			buildActionMask = 2147483647;
			files = (
			);
			runOnlyForDeploymentPostprocessing = 0;
		};
		7FC40D9D2CF71C2700535955 /* Resources */ = {
			isa = PBXResourcesBuildPhase;
			buildActionMask = 2147483647;
			files = (
			);
			runOnlyForDeploymentPostprocessing = 0;
		};
/* End PBXResourcesBuildPhase section */

/* Begin PBXSourcesBuildPhase section */
		7FC40D7B2CF71C2400535955 /* Sources */ = {
			isa = PBXSourcesBuildPhase;
			buildActionMask = 2147483647;
			files = (
				FAA5E7EA2CF73A2A00157015 /* RoomCellController.swift in Sources */,
				7FC40D872CF71C2400535955 /* ViewController.swift in Sources */,
				7FC40DB32CF71C4800535955 /* RoomClass.swift in Sources */,
				7FC40D832CF71C2400535955 /* AppDelegate.swift in Sources */,
				7FC40D852CF71C2400535955 /* SceneDelegate.swift in Sources */,
			);
			runOnlyForDeploymentPostprocessing = 0;
		};
		7FC40D912CF71C2700535955 /* Sources */ = {
			isa = PBXSourcesBuildPhase;
			buildActionMask = 2147483647;
			files = (
				7FC40D9A2CF71C2700535955 /* RoomManagerTests.swift in Sources */,
			);
			runOnlyForDeploymentPostprocessing = 0;
		};
		7FC40D9B2CF71C2700535955 /* Sources */ = {
			isa = PBXSourcesBuildPhase;
			buildActionMask = 2147483647;
			files = (
				7FC40DA42CF71C2700535955 /* RoomManagerUITests.swift in Sources */,
				7FC40DA62CF71C2700535955 /* RoomManagerUITestsLaunchTests.swift in Sources */,
			);
			runOnlyForDeploymentPostprocessing = 0;
		};
/* End PBXSourcesBuildPhase section */

/* Begin PBXTargetDependency section */
		7FC40D972CF71C2700535955 /* PBXTargetDependency */ = {
			isa = PBXTargetDependency;
			target = 7FC40D7E2CF71C2400535955 /* RoomManager */;
			targetProxy = 7FC40D962CF71C2700535955 /* PBXContainerItemProxy */;
		};
		7FC40DA12CF71C2700535955 /* PBXTargetDependency */ = {
			isa = PBXTargetDependency;
			target = 7FC40D7E2CF71C2400535955 /* RoomManager */;
			targetProxy = 7FC40DA02CF71C2700535955 /* PBXContainerItemProxy */;
		};
/* End PBXTargetDependency section */

/* Begin PBXVariantGroup section */
		7FC40D882CF71C2400535955 /* Main.storyboard */ = {
			isa = PBXVariantGroup;
			children = (
				7FC40D892CF71C2400535955 /* Base */,
			);
			name = Main.storyboard;
			sourceTree = "<group>";
		};
		7FC40D8D2CF71C2600535955 /* LaunchScreen.storyboard */ = {
			isa = PBXVariantGroup;
			children = (
				7FC40D8E2CF71C2600535955 /* Base */,
			);
			name = LaunchScreen.storyboard;
			sourceTree = "<group>";
		};
/* End PBXVariantGroup section */

/* Begin XCBuildConfiguration section */
		7FC40DA72CF71C2700535955 /* Debug */ = {
			isa = XCBuildConfiguration;
			buildSettings = {
				ALWAYS_SEARCH_USER_PATHS = NO;
				ASSETCATALOG_COMPILER_GENERATE_SWIFT_ASSET_SYMBOL_EXTENSIONS = YES;
				CLANG_ANALYZER_NONNULL = YES;
				CLANG_ANALYZER_NUMBER_OBJECT_CONVERSION = YES_AGGRESSIVE;
				CLANG_CXX_LANGUAGE_STANDARD = "gnu++20";
				CLANG_ENABLE_MODULES = YES;
				CLANG_ENABLE_OBJC_ARC = YES;
				CLANG_ENABLE_OBJC_WEAK = YES;
				CLANG_WARN_BLOCK_CAPTURE_AUTORELEASING = YES;
				CLANG_WARN_BOOL_CONVERSION = YES;
				CLANG_WARN_COMMA = YES;
				CLANG_WARN_CONSTANT_CONVERSION = YES;
				CLANG_WARN_DEPRECATED_OBJC_IMPLEMENTATIONS = YES;
				CLANG_WARN_DIRECT_OBJC_ISA_USAGE = YES_ERROR;
				CLANG_WARN_DOCUMENTATION_COMMENTS = YES;
				CLANG_WARN_EMPTY_BODY = YES;
				CLANG_WARN_ENUM_CONVERSION = YES;
				CLANG_WARN_INFINITE_RECURSION = YES;
				CLANG_WARN_INT_CONVERSION = YES;
				CLANG_WARN_NON_LITERAL_NULL_CONVERSION = YES;
				CLANG_WARN_OBJC_IMPLICIT_RETAIN_SELF = YES;
				CLANG_WARN_OBJC_LITERAL_CONVERSION = YES;
				CLANG_WARN_OBJC_ROOT_CLASS = YES_ERROR;
				CLANG_WARN_QUOTED_INCLUDE_IN_FRAMEWORK_HEADER = YES;
				CLANG_WARN_RANGE_LOOP_ANALYSIS = YES;
				CLANG_WARN_STRICT_PROTOTYPES = YES;
				CLANG_WARN_SUSPICIOUS_MOVE = YES;
				CLANG_WARN_UNGUARDED_AVAILABILITY = YES_AGGRESSIVE;
				CLANG_WARN_UNREACHABLE_CODE = YES;
				CLANG_WARN__DUPLICATE_METHOD_MATCH = YES;
				COPY_PHASE_STRIP = NO;
				DEBUG_INFORMATION_FORMAT = dwarf;
				ENABLE_STRICT_OBJC_MSGSEND = YES;
				ENABLE_TESTABILITY = YES;
				ENABLE_USER_SCRIPT_SANDBOXING = YES;
				GCC_C_LANGUAGE_STANDARD = gnu17;
				GCC_DYNAMIC_NO_PIC = NO;
				GCC_NO_COMMON_BLOCKS = YES;
				GCC_OPTIMIZATION_LEVEL = 0;
				GCC_PREPROCESSOR_DEFINITIONS = (
					"DEBUG=1",
					"$(inherited)",
				);
				GCC_WARN_64_TO_32_BIT_CONVERSION = YES;
				GCC_WARN_ABOUT_RETURN_TYPE = YES_ERROR;
				GCC_WARN_UNDECLARED_SELECTOR = YES;
				GCC_WARN_UNINITIALIZED_AUTOS = YES_AGGRESSIVE;
				GCC_WARN_UNUSED_FUNCTION = YES;
				GCC_WARN_UNUSED_VARIABLE = YES;
				IPHONEOS_DEPLOYMENT_TARGET = 17.2;
				LOCALIZATION_PREFERS_STRING_CATALOGS = YES;
				MTL_ENABLE_DEBUG_INFO = INCLUDE_SOURCE;
				MTL_FAST_MATH = YES;
				ONLY_ACTIVE_ARCH = YES;
				SDKROOT = iphoneos;
				SWIFT_ACTIVE_COMPILATION_CONDITIONS = "DEBUG $(inherited)";
				SWIFT_OPTIMIZATION_LEVEL = "-Onone";
			};
			name = Debug;
		};
		7FC40DA82CF71C2700535955 /* Release */ = {
			isa = XCBuildConfiguration;
			buildSettings = {
				ALWAYS_SEARCH_USER_PATHS = NO;
				ASSETCATALOG_COMPILER_GENERATE_SWIFT_ASSET_SYMBOL_EXTENSIONS = YES;
				CLANG_ANALYZER_NONNULL = YES;
				CLANG_ANALYZER_NUMBER_OBJECT_CONVERSION = YES_AGGRESSIVE;
				CLANG_CXX_LANGUAGE_STANDARD = "gnu++20";
				CLANG_ENABLE_MODULES = YES;
				CLANG_ENABLE_OBJC_ARC = YES;
				CLANG_ENABLE_OBJC_WEAK = YES;
				CLANG_WARN_BLOCK_CAPTURE_AUTORELEASING = YES;
				CLANG_WARN_BOOL_CONVERSION = YES;
				CLANG_WARN_COMMA = YES;
				CLANG_WARN_CONSTANT_CONVERSION = YES;
				CLANG_WARN_DEPRECATED_OBJC_IMPLEMENTATIONS = YES;
				CLANG_WARN_DIRECT_OBJC_ISA_USAGE = YES_ERROR;
				CLANG_WARN_DOCUMENTATION_COMMENTS = YES;
				CLANG_WARN_EMPTY_BODY = YES;
				CLANG_WARN_ENUM_CONVERSION = YES;
				CLANG_WARN_INFINITE_RECURSION = YES;
				CLANG_WARN_INT_CONVERSION = YES;
				CLANG_WARN_NON_LITERAL_NULL_CONVERSION = YES;
				CLANG_WARN_OBJC_IMPLICIT_RETAIN_SELF = YES;
				CLANG_WARN_OBJC_LITERAL_CONVERSION = YES;
				CLANG_WARN_OBJC_ROOT_CLASS = YES_ERROR;
				CLANG_WARN_QUOTED_INCLUDE_IN_FRAMEWORK_HEADER = YES;
				CLANG_WARN_RANGE_LOOP_ANALYSIS = YES;
				CLANG_WARN_STRICT_PROTOTYPES = YES;
				CLANG_WARN_SUSPICIOUS_MOVE = YES;
				CLANG_WARN_UNGUARDED_AVAILABILITY = YES_AGGRESSIVE;
				CLANG_WARN_UNREACHABLE_CODE = YES;
				CLANG_WARN__DUPLICATE_METHOD_MATCH = YES;
				COPY_PHASE_STRIP = NO;
				DEBUG_INFORMATION_FORMAT = "dwarf-with-dsym";
				ENABLE_NS_ASSERTIONS = NO;
				ENABLE_STRICT_OBJC_MSGSEND = YES;
				ENABLE_USER_SCRIPT_SANDBOXING = YES;
				GCC_C_LANGUAGE_STANDARD = gnu17;
				GCC_NO_COMMON_BLOCKS = YES;
				GCC_WARN_64_TO_32_BIT_CONVERSION = YES;
				GCC_WARN_ABOUT_RETURN_TYPE = YES_ERROR;
				GCC_WARN_UNDECLARED_SELECTOR = YES;
				GCC_WARN_UNINITIALIZED_AUTOS = YES_AGGRESSIVE;
				GCC_WARN_UNUSED_FUNCTION = YES;
				GCC_WARN_UNUSED_VARIABLE = YES;
				IPHONEOS_DEPLOYMENT_TARGET = 17.2;
				LOCALIZATION_PREFERS_STRING_CATALOGS = YES;
				MTL_ENABLE_DEBUG_INFO = NO;
				MTL_FAST_MATH = YES;
				SDKROOT = iphoneos;
				SWIFT_COMPILATION_MODE = wholemodule;
				VALIDATE_PRODUCT = YES;
			};
			name = Release;
		};
		7FC40DAA2CF71C2700535955 /* Debug */ = {
			isa = XCBuildConfiguration;
			buildSettings = {
				ASSETCATALOG_COMPILER_APPICON_NAME = AppIcon;
				ASSETCATALOG_COMPILER_GLOBAL_ACCENT_COLOR_NAME = AccentColor;
				CODE_SIGN_STYLE = Automatic;
				CURRENT_PROJECT_VERSION = 1;
				GENERATE_INFOPLIST_FILE = YES;
				INFOPLIST_FILE = RoomManager/Info.plist;
				INFOPLIST_KEY_UIApplicationSupportsIndirectInputEvents = YES;
				INFOPLIST_KEY_UILaunchStoryboardName = LaunchScreen;
				INFOPLIST_KEY_UIMainStoryboardFile = Main;
				INFOPLIST_KEY_UISupportedInterfaceOrientations_iPad = "UIInterfaceOrientationPortrait UIInterfaceOrientationPortraitUpsideDown UIInterfaceOrientationLandscapeLeft UIInterfaceOrientationLandscapeRight";
				INFOPLIST_KEY_UISupportedInterfaceOrientations_iPhone = "UIInterfaceOrientationPortrait UIInterfaceOrientationLandscapeLeft UIInterfaceOrientationLandscapeRight";
				LD_RUNPATH_SEARCH_PATHS = (
					"$(inherited)",
					"@executable_path/Frameworks",
				);
				MARKETING_VERSION = 1.0;
				PRODUCT_BUNDLE_IDENTIFIER = Dano.RoomManager;
				PRODUCT_NAME = "$(TARGET_NAME)";
				SWIFT_EMIT_LOC_STRINGS = YES;
				SWIFT_VERSION = 5.0;
				TARGETED_DEVICE_FAMILY = "1,2";
			};
			name = Debug;
		};
		7FC40DAB2CF71C2700535955 /* Release */ = {
			isa = XCBuildConfiguration;
			buildSettings = {
				ASSETCATALOG_COMPILER_APPICON_NAME = AppIcon;
				ASSETCATALOG_COMPILER_GLOBAL_ACCENT_COLOR_NAME = AccentColor;
				CODE_SIGN_STYLE = Automatic;
				CURRENT_PROJECT_VERSION = 1;
				GENERATE_INFOPLIST_FILE = YES;
				INFOPLIST_FILE = RoomManager/Info.plist;
				INFOPLIST_KEY_UIApplicationSupportsIndirectInputEvents = YES;
				INFOPLIST_KEY_UILaunchStoryboardName = LaunchScreen;
				INFOPLIST_KEY_UIMainStoryboardFile = Main;
				INFOPLIST_KEY_UISupportedInterfaceOrientations_iPad = "UIInterfaceOrientationPortrait UIInterfaceOrientationPortraitUpsideDown UIInterfaceOrientationLandscapeLeft UIInterfaceOrientationLandscapeRight";
				INFOPLIST_KEY_UISupportedInterfaceOrientations_iPhone = "UIInterfaceOrientationPortrait UIInterfaceOrientationLandscapeLeft UIInterfaceOrientationLandscapeRight";
				LD_RUNPATH_SEARCH_PATHS = (
					"$(inherited)",
					"@executable_path/Frameworks",
				);
				MARKETING_VERSION = 1.0;
				PRODUCT_BUNDLE_IDENTIFIER = Dano.RoomManager;
				PRODUCT_NAME = "$(TARGET_NAME)";
				SWIFT_EMIT_LOC_STRINGS = YES;
				SWIFT_VERSION = 5.0;
				TARGETED_DEVICE_FAMILY = "1,2";
			};
			name = Release;
		};
		7FC40DAD2CF71C2700535955 /* Debug */ = {
			isa = XCBuildConfiguration;
			buildSettings = {
				ALWAYS_EMBED_SWIFT_STANDARD_LIBRARIES = YES;
				BUNDLE_LOADER = "$(TEST_HOST)";
				CODE_SIGN_STYLE = Automatic;
				CURRENT_PROJECT_VERSION = 1;
				GENERATE_INFOPLIST_FILE = YES;
				IPHONEOS_DEPLOYMENT_TARGET = 17.2;
				MARKETING_VERSION = 1.0;
				PRODUCT_BUNDLE_IDENTIFIER = Dano.RoomManagerTests;
				PRODUCT_NAME = "$(TARGET_NAME)";
				SWIFT_EMIT_LOC_STRINGS = NO;
				SWIFT_VERSION = 5.0;
				TARGETED_DEVICE_FAMILY = "1,2";
				TEST_HOST = "$(BUILT_PRODUCTS_DIR)/RoomManager.app/$(BUNDLE_EXECUTABLE_FOLDER_PATH)/RoomManager";
			};
			name = Debug;
		};
		7FC40DAE2CF71C2700535955 /* Release */ = {
			isa = XCBuildConfiguration;
			buildSettings = {
				ALWAYS_EMBED_SWIFT_STANDARD_LIBRARIES = YES;
				BUNDLE_LOADER = "$(TEST_HOST)";
				CODE_SIGN_STYLE = Automatic;
				CURRENT_PROJECT_VERSION = 1;
				GENERATE_INFOPLIST_FILE = YES;
				IPHONEOS_DEPLOYMENT_TARGET = 17.2;
				MARKETING_VERSION = 1.0;
				PRODUCT_BUNDLE_IDENTIFIER = Dano.RoomManagerTests;
				PRODUCT_NAME = "$(TARGET_NAME)";
				SWIFT_EMIT_LOC_STRINGS = NO;
				SWIFT_VERSION = 5.0;
				TARGETED_DEVICE_FAMILY = "1,2";
				TEST_HOST = "$(BUILT_PRODUCTS_DIR)/RoomManager.app/$(BUNDLE_EXECUTABLE_FOLDER_PATH)/RoomManager";
			};
			name = Release;
		};
		7FC40DB02CF71C2700535955 /* Debug */ = {
			isa = XCBuildConfiguration;
			buildSettings = {
				ALWAYS_EMBED_SWIFT_STANDARD_LIBRARIES = YES;
				CODE_SIGN_STYLE = Automatic;
				CURRENT_PROJECT_VERSION = 1;
				GENERATE_INFOPLIST_FILE = YES;
				MARKETING_VERSION = 1.0;
				PRODUCT_BUNDLE_IDENTIFIER = Dano.RoomManagerUITests;
				PRODUCT_NAME = "$(TARGET_NAME)";
				SWIFT_EMIT_LOC_STRINGS = NO;
				SWIFT_VERSION = 5.0;
				TARGETED_DEVICE_FAMILY = "1,2";
				TEST_TARGET_NAME = RoomManager;
			};
			name = Debug;
		};
		7FC40DB12CF71C2700535955 /* Release */ = {
			isa = XCBuildConfiguration;
			buildSettings = {
				ALWAYS_EMBED_SWIFT_STANDARD_LIBRARIES = YES;
				CODE_SIGN_STYLE = Automatic;
				CURRENT_PROJECT_VERSION = 1;
				GENERATE_INFOPLIST_FILE = YES;
				MARKETING_VERSION = 1.0;
				PRODUCT_BUNDLE_IDENTIFIER = Dano.RoomManagerUITests;
				PRODUCT_NAME = "$(TARGET_NAME)";
				SWIFT_EMIT_LOC_STRINGS = NO;
				SWIFT_VERSION = 5.0;
				TARGETED_DEVICE_FAMILY = "1,2";
				TEST_TARGET_NAME = RoomManager;
			};
			name = Release;
		};
/* End XCBuildConfiguration section */

/* Begin XCConfigurationList section */
		7FC40D7A2CF71C2400535955 /* Build configuration list for PBXProject "RoomManager" */ = {
			isa = XCConfigurationList;
			buildConfigurations = (
				7FC40DA72CF71C2700535955 /* Debug */,
				7FC40DA82CF71C2700535955 /* Release */,
			);
			defaultConfigurationIsVisible = 0;
			defaultConfigurationName = Release;
		};
		7FC40DA92CF71C2700535955 /* Build configuration list for PBXNativeTarget "RoomManager" */ = {
			isa = XCConfigurationList;
			buildConfigurations = (
				7FC40DAA2CF71C2700535955 /* Debug */,
				7FC40DAB2CF71C2700535955 /* Release */,
			);
			defaultConfigurationIsVisible = 0;
			defaultConfigurationName = Release;
		};
		7FC40DAC2CF71C2700535955 /* Build configuration list for PBXNativeTarget "RoomManagerTests" */ = {
			isa = XCConfigurationList;
			buildConfigurations = (
				7FC40DAD2CF71C2700535955 /* Debug */,
				7FC40DAE2CF71C2700535955 /* Release */,
			);
			defaultConfigurationIsVisible = 0;
			defaultConfigurationName = Release;
		};
		7FC40DAF2CF71C2700535955 /* Build configuration list for PBXNativeTarget "RoomManagerUITests" */ = {
			isa = XCConfigurationList;
			buildConfigurations = (
				7FC40DB02CF71C2700535955 /* Debug */,
				7FC40DB12CF71C2700535955 /* Release */,
			);
			defaultConfigurationIsVisible = 0;
			defaultConfigurationName = Release;
		};
/* End XCConfigurationList section */
	};
	rootObject = 7FC40D772CF71C2400535955 /* Project object */;
}
